// !$*UTF8*$!
{
	archiveVersion = 1;
	classes = {
	};
	objectVersion = 46;
	objects = {

/* Begin PBXBuildFile section */
		7BA490231A012156008B2519 /* AppDelegate.swift in Sources */ = {isa = PBXBuildFile; fileRef = 7BA490221A012156008B2519 /* AppDelegate.swift */; };
		7BA490251A012156008B2519 /* ViewController.swift in Sources */ = {isa = PBXBuildFile; fileRef = 7BA490241A012156008B2519 /* ViewController.swift */; };
		7BA490281A012156008B2519 /* Main.storyboard in Resources */ = {isa = PBXBuildFile; fileRef = 7BA490261A012156008B2519 /* Main.storyboard */; };
		7BA4902A1A012156008B2519 /* Images.xcassets in Resources */ = {isa = PBXBuildFile; fileRef = 7BA490291A012156008B2519 /* Images.xcassets */; };
		7BA4902D1A012156008B2519 /* LaunchScreen.xib in Resources */ = {isa = PBXBuildFile; fileRef = 7BA4902B1A012156008B2519 /* LaunchScreen.xib */; };
		7BA490391A012156008B2519 /* Facebook_AnimationsTests.swift in Sources */ = {isa = PBXBuildFile; fileRef = 7BA490381A012156008B2519 /* Facebook_AnimationsTests.swift */; };
/* End PBXBuildFile section */

/* Begin PBXContainerItemProxy section */
		7BA490331A012156008B2519 /* PBXContainerItemProxy */ = {
			isa = PBXContainerItemProxy;
			containerPortal = 7BA490151A012156008B2519 /* Project object */;
			proxyType = 1;
			remoteGlobalIDString = 7BA4901C1A012156008B2519;
			remoteInfo = "Facebook Animations";
		};
/* End PBXContainerItemProxy section */

/* Begin PBXFileReference section */
		7BA4901D1A012156008B2519 /* Facebook Animations.app */ = {isa = PBXFileReference; explicitFileType = wrapper.application; includeInIndex = 0; path = "Facebook Animations.app"; sourceTree = BUILT_PRODUCTS_DIR; };
		7BA490211A012156008B2519 /* Info.plist */ = {isa = PBXFileReference; lastKnownFileType = text.plist.xml; path = Info.plist; sourceTree = "<group>"; };
		7BA490221A012156008B2519 /* AppDelegate.swift */ = {isa = PBXFileReference; lastKnownFileType = sourcecode.swift; path = AppDelegate.swift; sourceTree = "<group>"; };
		7BA490241A012156008B2519 /* ViewController.swift */ = {isa = PBXFileReference; lastKnownFileType = sourcecode.swift; path = ViewController.swift; sourceTree = "<group>"; };
		7BA490271A012156008B2519 /* Base */ = {isa = PBXFileReference; lastKnownFileType = file.storyboard; name = Base; path = Base.lproj/Main.storyboard; sourceTree = "<group>"; };
		7BA490291A012156008B2519 /* Images.xcassets */ = {isa = PBXFileReference; lastKnownFileType = folder.assetcatalog; path = Images.xcassets; sourceTree = "<group>"; };
		7BA4902C1A012156008B2519 /* Base */ = {isa = PBXFileReference; lastKnownFileType = file.xib; name = Base; path = Base.lproj/LaunchScreen.xib; sourceTree = "<group>"; };
		7BA490321A012156008B2519 /* Facebook AnimationsTests.xctest */ = {isa = PBXFileReference; explicitFileType = wrapper.cfbundle; includeInIndex = 0; path = "Facebook AnimationsTests.xctest"; sourceTree = BUILT_PRODUCTS_DIR; };
		7BA490371A012156008B2519 /* Info.plist */ = {isa = PBXFileReference; lastKnownFileType = text.plist.xml; path = Info.plist; sourceTree = "<group>"; };
		7BA490381A012156008B2519 /* Facebook_AnimationsTests.swift */ = {isa = PBXFileReference; lastKnownFileType = sourcecode.swift; path = Facebook_AnimationsTests.swift; sourceTree = "<group>"; };
/* End PBXFileReference section */

/* Begin PBXFrameworksBuildPhase section */
		7BA4901A1A012156008B2519 /* Frameworks */ = {
			isa = PBXFrameworksBuildPhase;
			buildActionMask = 2147483647;
			files = (
			);
			runOnlyForDeploymentPostprocessing = 0;
		};
		7BA4902F1A012156008B2519 /* Frameworks */ = {
			isa = PBXFrameworksBuildPhase;
			buildActionMask = 2147483647;
			files = (
			);
			runOnlyForDeploymentPostprocessing = 0;
		};
/* End PBXFrameworksBuildPhase section */

/* Begin PBXGroup section */
		7BA490141A012156008B2519 = {
			isa = PBXGroup;
			children = (
				7BA4901F1A012156008B2519 /* Facebook Animations */,
				7BA490351A012156008B2519 /* Facebook AnimationsTests */,
				7BA4901E1A012156008B2519 /* Products */,
			);
			sourceTree = "<group>";
		};
		7BA4901E1A012156008B2519 /* Products */ = {
			isa = PBXGroup;
			children = (
				7BA4901D1A012156008B2519 /* Facebook Animations.app */,
				7BA490321A012156008B2519 /* Facebook AnimationsTests.xctest */,
			);
			name = Products;
			sourceTree = "<group>";
		};
		7BA4901F1A012156008B2519 /* Facebook Animations */ = {
			isa = PBXGroup;
			children = (
				7BA490221A012156008B2519 /* AppDelegate.swift */,
				7BA490241A012156008B2519 /* ViewController.swift */,
				7BA490261A012156008B2519 /* Main.storyboard */,
				7BA490291A012156008B2519 /* Images.xcassets */,
				7BA4902B1A012156008B2519 /* LaunchScreen.xib */,
				7BA490201A012156008B2519 /* Supporting Files */,
			);
			path = "Facebook Animations";
			sourceTree = "<group>";
		};
		7BA490201A012156008B2519 /* Supporting Files */ = {
			isa = PBXGroup;
			children = (
				7BA490211A012156008B2519 /* Info.plist */,
			);
			name = "Supporting Files";
			sourceTree = "<group>";
		};
		7BA490351A012156008B2519 /* Facebook AnimationsTests */ = {
			isa = PBXGroup;
			children = (
				7BA490381A012156008B2519 /* Facebook_AnimationsTests.swift */,
				7BA490361A012156008B2519 /* Supporting Files */,
			);
			path = "Facebook AnimationsTests";
			sourceTree = "<group>";
		};
		7BA490361A012156008B2519 /* Supporting Files */ = {
			isa = PBXGroup;
			children = (
				7BA490371A012156008B2519 /* Info.plist */,
			);
			name = "Supporting Files";
			sourceTree = "<group>";
		};
/* End PBXGroup section */

/* Begin PBXNativeTarget section */
		7BA4901C1A012156008B2519 /* Facebook Animations */ = {
			isa = PBXNativeTarget;
			buildConfigurationList = 7BA4903C1A012156008B2519 /* Build configuration list for PBXNativeTarget "Facebook Animations" */;
			buildPhases = (
				7BA490191A012156008B2519 /* Sources */,
				7BA4901A1A012156008B2519 /* Frameworks */,
				7BA4901B1A012156008B2519 /* Resources */,
			);
			buildRules = (
			);
			dependencies = (
			);
			name = "Facebook Animations";
			productName = "Facebook Animations";
			productReference = 7BA4901D1A012156008B2519 /* Facebook Animations.app */;
			productType = "com.apple.product-type.application";
		};
		7BA490311A012156008B2519 /* Facebook AnimationsTests */ = {
			isa = PBXNativeTarget;
			buildConfigurationList = 7BA4903F1A012156008B2519 /* Build configuration list for PBXNativeTarget "Facebook AnimationsTests" */;
			buildPhases = (
				7BA4902E1A012156008B2519 /* Sources */,
				7BA4902F1A012156008B2519 /* Frameworks */,
				7BA490301A012156008B2519 /* Resources */,
			);
			buildRules = (
			);
			dependencies = (
				7BA490341A012156008B2519 /* PBXTargetDependency */,
			);
			name = "Facebook AnimationsTests";
			productName = "Facebook AnimationsTests";
			productReference = 7BA490321A012156008B2519 /* Facebook AnimationsTests.xctest */;
			productType = "com.apple.product-type.bundle.unit-test";
		};
/* End PBXNativeTarget section */

/* Begin PBXProject section */
		7BA490151A012156008B2519 /* Project object */ = {
			isa = PBXProject;
			attributes = {
				LastUpgradeCheck = 0600;
				ORGANIZATIONNAME = "Amanda Atwood";
				TargetAttributes = {
					7BA4901C1A012156008B2519 = {
						CreatedOnToolsVersion = 6.0.1;
					};
					7BA490311A012156008B2519 = {
						CreatedOnToolsVersion = 6.0.1;
						TestTargetID = 7BA4901C1A012156008B2519;
					};
				};
			};
			buildConfigurationList = 7BA490181A012156008B2519 /* Build configuration list for PBXProject "Facebook Animations" */;
			compatibilityVersion = "Xcode 3.2";
			developmentRegion = English;
			hasScannedForEncodings = 0;
			knownRegions = (
				en,
				Base,
			);
			mainGroup = 7BA490141A012156008B2519;
			productRefGroup = 7BA4901E1A012156008B2519 /* Products */;
			projectDirPath = "";
			projectRoot = "";
			targets = (
				7BA4901C1A012156008B2519 /* Facebook Animations */,
				7BA490311A012156008B2519 /* Facebook AnimationsTests */,
			);
		};
/* End PBXProject section */

/* Begin PBXResourcesBuildPhase section */
		7BA4901B1A012156008B2519 /* Resources */ = {
			isa = PBXResourcesBuildPhase;
			buildActionMask = 2147483647;
			files = (
				7BA490281A012156008B2519 /* Main.storyboard in Resources */,
				7BA4902D1A012156008B2519 /* LaunchScreen.xib in Resources */,
				7BA4902A1A012156008B2519 /* Images.xcassets in Resources */,
			);
			runOnlyForDeploymentPostprocessing = 0;
		};
		7BA490301A012156008B2519 /* Resources */ = {
			isa = PBXResourcesBuildPhase;
			buildActionMask = 2147483647;
			files = (
			);
			runOnlyForDeploymentPostprocessing = 0;
		};
/* End PBXResourcesBuildPhase section */

/* Begin PBXSourcesBuildPhase section */
		7BA490191A012156008B2519 /* Sources */ = {
			isa = PBXSourcesBuildPhase;
			buildActionMask = 2147483647;
			files = (
				7BA490251A012156008B2519 /* ViewController.swift in Sources */,
				7BA490231A012156008B2519 /* AppDelegate.swift in Sources */,
			);
			runOnlyForDeploymentPostprocessing = 0;
		};
		7BA4902E1A012156008B2519 /* Sources */ = {
			isa = PBXSourcesBuildPhase;
			buildActionMask = 2147483647;
			files = (
				7BA490391A012156008B2519 /* Facebook_AnimationsTests.swift in Sources */,
			);
			runOnlyForDeploymentPostprocessing = 0;
		};
/* End PBXSourcesBuildPhase section */

/* Begin PBXTargetDependency section */
		7BA490341A012156008B2519 /* PBXTargetDependency */ = {
			isa = PBXTargetDependency;
			target = 7BA4901C1A012156008B2519 /* Facebook Animations */;
			targetProxy = 7BA490331A012156008B2519 /* PBXContainerItemProxy */;
		};
/* End PBXTargetDependency section */

/* Begin PBXVariantGroup section */
		7BA490261A012156008B2519 /* Main.storyboard */ = {
			isa = PBXVariantGroup;
			children = (
				7BA490271A012156008B2519 /* Base */,
			);
			name = Main.storyboard;
			sourceTree = "<group>";
		};
		7BA4902B1A012156008B2519 /* LaunchScreen.xib */ = {
			isa = PBXVariantGroup;
			children = (
				7BA4902C1A012156008B2519 /* Base */,
			);
			name = LaunchScreen.xib;
			sourceTree = "<group>";
		};
/* End PBXVariantGroup section */

/* Begin XCBuildConfiguration section */
		7BA4903A1A012156008B2519 /* Debug */ = {
			isa = XCBuildConfiguration;
			buildSettings = {
				ALWAYS_SEARCH_USER_PATHS = NO;
				CLANG_CXX_LANGUAGE_STANDARD = "gnu++0x";
				CLANG_CXX_LIBRARY = "libc++";
				CLANG_ENABLE_MODULES = YES;
				CLANG_ENABLE_OBJC_ARC = YES;
				CLANG_WARN_BOOL_CONVERSION = YES;
				CLANG_WARN_CONSTANT_CONVERSION = YES;
				CLANG_WARN_DIRECT_OBJC_ISA_USAGE = YES_ERROR;
				CLANG_WARN_EMPTY_BODY = YES;
				CLANG_WARN_ENUM_CONVERSION = YES;
				CLANG_WARN_INT_CONVERSION = YES;
				CLANG_WARN_OBJC_ROOT_CLASS = YES_ERROR;
				CLANG_WARN_UNREACHABLE_CODE = YES;
				CLANG_WARN__DUPLICATE_METHOD_MATCH = YES;
				"CODE_SIGN_IDENTITY[sdk=iphoneos*]" = "iPhone Developer";
				COPY_PHASE_STRIP = NO;
				ENABLE_STRICT_OBJC_MSGSEND = YES;
				GCC_C_LANGUAGE_STANDARD = gnu99;
				GCC_DYNAMIC_NO_PIC = NO;
				GCC_OPTIMIZATION_LEVEL = 0;
				GCC_PREPROCESSOR_DEFINITIONS = (
					"DEBUG=1",
					"$(inherited)",
				);
				GCC_SYMBOLS_PRIVATE_EXTERN = NO;
				GCC_WARN_64_TO_32_BIT_CONVERSION = YES;
				GCC_WARN_ABOUT_RETURN_TYPE = YES_ERROR;
				GCC_WARN_UNDECLARED_SELECTOR = YES;
				GCC_WARN_UNINITIALIZED_AUTOS = YES_AGGRESSIVE;
				GCC_WARN_UNUSED_FUNCTION = YES;
				GCC_WARN_UNUSED_VARIABLE = YES;
				IPHONEOS_DEPLOYMENT_TARGET = 8.0;
				MTL_ENABLE_DEBUG_INFO = YES;
				ONLY_ACTIVE_ARCH = YES;
				SDKROOT = iphoneos;
				SWIFT_OPTIMIZATION_LEVEL = "-Onone";
			};
			name = Debug;
		};
		7BA4903B1A012156008B2519 /* Release */ = {
			isa = XCBuildConfiguration;
			buildSettings = {
				ALWAYS_SEARCH_USER_PATHS = NO;
				CLANG_CXX_LANGUAGE_STANDARD = "gnu++0x";
				CLANG_CXX_LIBRARY = "libc++";
				CLANG_ENABLE_MODULES = YES;
				CLANG_ENABLE_OBJC_ARC = YES;
				CLANG_WARN_BOOL_CONVERSION = YES;
				CLANG_WARN_CONSTANT_CONVERSION = YES;
				CLANG_WARN_DIRECT_OBJC_ISA_USAGE = YES_ERROR;
				CLANG_WARN_EMPTY_BODY = YES;
				CLANG_WARN_ENUM_CONVERSION = YES;
				CLANG_WARN_INT_CONVERSION = YES;
				CLANG_WARN_OBJC_ROOT_CLASS = YES_ERROR;
				CLANG_WARN_UNREACHABLE_CODE = YES;
				CLANG_WARN__DUPLICATE_METHOD_MATCH = YES;
				"CODE_SIGN_IDENTITY[sdk=iphoneos*]" = "iPhone Developer";
				COPY_PHASE_STRIP = YES;
				ENABLE_NS_ASSERTIONS = NO;
				ENABLE_STRICT_OBJC_MSGSEND = YES;
				GCC_C_LANGUAGE_STANDARD = gnu99;
				GCC_WARN_64_TO_32_BIT_CONVERSION = YES;
				GCC_WARN_ABOUT_RETURN_TYPE = YES_ERROR;
				GCC_WARN_UNDECLARED_SELECTOR = YES;
				GCC_WARN_UNINITIALIZED_AUTOS = YES_AGGRESSIVE;
				GCC_WARN_UNUSED_FUNCTION = YES;
				GCC_WARN_UNUSED_VARIABLE = YES;
				IPHONEOS_DEPLOYMENT_TARGET = 8.0;
				MTL_ENABLE_DEBUG_INFO = NO;
				SDKROOT = iphoneos;
				VALIDATE_PRODUCT = YES;
			};
			name = Release;
		};
		7BA4903D1A012156008B2519 /* Debug */ = {
			isa = XCBuildConfiguration;
			buildSettings = {
				ASSETCATALOG_COMPILER_APPICON_NAME = AppIcon;
				INFOPLIST_FILE = "Facebook Animations/Info.plist";
				LD_RUNPATH_SEARCH_PATHS = "$(inherited) @executable_path/Frameworks";
				PRODUCT_NAME = "$(TARGET_NAME)";
			};
			name = Debug;
		};
		7BA4903E1A012156008B2519 /* Release */ = {
			isa = XCBuildConfiguration;
			buildSettings = {
				ASSETCATALOG_COMPILER_APPICON_NAME = AppIcon;
				INFOPLIST_FILE = "Facebook Animations/Info.plist";
				LD_RUNPATH_SEARCH_PATHS = "$(inherited) @executable_path/Frameworks";
				PRODUCT_NAME = "$(TARGET_NAME)";
			};
			name = Release;
		};
		7BA490401A012156008B2519 /* Debug */ = {
			isa = XCBuildConfiguration;
			buildSettings = {
				BUNDLE_LOADER = "$(TEST_HOST)";
				FRAMEWORK_SEARCH_PATHS = (
					"$(SDKROOT)/Developer/Library/Frameworks",
					"$(inherited)",
				);
				GCC_PREPROCESSOR_DEFINITIONS = (
					"DEBUG=1",
					"$(inherited)",
				);
				INFOPLIST_FILE = "Facebook AnimationsTests/Info.plist";
				LD_RUNPATH_SEARCH_PATHS = "$(inherited) @executable_path/Frameworks @loader_path/Frameworks";
				PRODUCT_NAME = "$(TARGET_NAME)";
				TEST_HOST = "$(BUILT_PRODUCTS_DIR)/Facebook Animations.app/Facebook Animations";
			};
			name = Debug;
		};
		7BA490411A012156008B2519 /* Release */ = {
			isa = XCBuildConfiguration;
			buildSettings = {
				BUNDLE_LOADER = "$(TEST_HOST)";
				FRAMEWORK_SEARCH_PATHS = (
					"$(SDKROOT)/Developer/Library/Frameworks",
					"$(inherited)",
				);
				INFOPLIST_FILE = "Facebook AnimationsTests/Info.plist";
				LD_RUNPATH_SEARCH_PATHS = "$(inherited) @executable_path/Frameworks @loader_path/Frameworks";
				PRODUCT_NAME = "$(TARGET_NAME)";
				TEST_HOST = "$(BUILT_PRODUCTS_DIR)/Facebook Animations.app/Facebook Animations";
			};
			name = Release;
		};
/* End XCBuildConfiguration section */

/* Begin XCConfigurationList section */
		7BA490181A012156008B2519 /* Build configuration list for PBXProject "Facebook Animations" */ = {
			isa = XCConfigurationList;
			buildConfigurations = (
				7BA4903A1A012156008B2519 /* Debug */,
				7BA4903B1A012156008B2519 /* Release */,
			);
			defaultConfigurationIsVisible = 0;
			defaultConfigurationName = Release;
		};
		7BA4903C1A012156008B2519 /* Build configuration list for PBXNativeTarget "Facebook Animations" */ = {
			isa = XCConfigurationList;
			buildConfigurations = (
				7BA4903D1A012156008B2519 /* Debug */,
				7BA4903E1A012156008B2519 /* Release */,
			);
			defaultConfigurationIsVisible = 0;
		};
		7BA4903F1A012156008B2519 /* Build configuration list for PBXNativeTarget "Facebook AnimationsTests" */ = {
			isa = XCConfigurationList;
			buildConfigurations = (
				7BA490401A012156008B2519 /* Debug */,
				7BA490411A012156008B2519 /* Release */,
			);
			defaultConfigurationIsVisible = 0;
		};
/* End XCConfigurationList section */
	};
	rootObject = 7BA490151A012156008B2519 /* Project object */;
}
